
Microsoft Visual Studio Solution File, Format Version 12.00
# Visual Studio Version 17
VisualStudioVersion = 17.6.33829.357
MinimumVisualStudioVersion = 10.0.40219.1
Project("{FAE04EC0-301F-11D3-BF4B-00C04F79EFBC}") = "13.09.2023", "13.09.2023\13.09.2023.csproj", "{638242C7-1A1E-448E-A909-3EAB78906E9D}"
EndProject
Global
	GlobalSection(SolutionConfigurationPlatforms) = preSolution
		Debug|Any CPU = Debug|Any CPU
		Release|Any CPU = Release|Any CPU
	EndGlobalSection
	GlobalSection(ProjectConfigurationPlatforms) = postSolution
		{638242C7-1A1E-448E-A909-3EAB78906E9D}.Debug|Any CPU.ActiveCfg = Debug|Any CPU
		{638242C7-1A1E-448E-A909-3EAB78906E9D}.Debug|Any CPU.Build.0 = Debug|Any CPU
		{638242C7-1A1E-448E-A909-3EAB78906E9D}.Release|Any CPU.ActiveCfg = Release|Any CPU
		{638242C7-1A1E-448E-A909-3EAB78906E9D}.Release|Any CPU.Build.0 = Release|Any CPU
	EndGlobalSection
	GlobalSection(SolutionProperties) = preSolution
		HideSolutionNode = FALSE
	EndGlobalSection
	GlobalSection(ExtensibilityGlobals) = postSolution
		SolutionGuid = {E079C48F-640C-4F09-ABE4-59DCDC556C3E}
	EndGlobalSection
EndGlobal
